{
  "nodes": {
    "nixpkgs": {
      "locked": {
        "lastModified": 1778240136,
        "narHash": "sha256-xdhowbiSzHGUAZguNSl1/KLvXi/R6ceqbAkpMLHoC8c=",
        "owner": "NixOS",
        "repo": "nixpkgs",
        "rev": "4e1eb8c14e33d362825959a7845d6bcfaf1e73f8",
        "type": "github"
      },
      "original": {
        "owner": "NixOS",
        "ref": "release-25.11",
        "repo": "nixpkgs",
        "type": "github"
      }
    },
    "root": {
      "inputs": {
        "nixpkgs": "nixpkgs"
      }
    }
  },
  "root": "root",
  "version": 7
}
